
Microsoft Visual Studio Solution File, Format Version 12.00
# Visual Studio 2012
Project("{FAE04EC0-301F-11D3-BF4B-00C04F79EFBC}") = "WiiU_USB_Helper", "WiiU_USB_Helper.csproj", "{690990CB-C607-4137-A1C0-6066835D76D5}"
EndProject
Global
	GlobalSection(SolutionConfigurationPlatforms) = preSolution
		Debug|Any CPU = Debug|Any CPU
		Release|Any CPU = Release|Any CPU
	EndGlobalSection
	GlobalSection(ProjectConfigurationPlatforms) = postSolution
		{690990CB-C607-4137-A1C0-6066835D76D5}.Debug|Any CPU.ActiveCfg = Debug|Any CPU
		{690990CB-C607-4137-A1C0-6066835D76D5}.Debug|Any CPU.Build.0 = Debug|Any CPU
		{690990CB-C607-4137-A1C0-6066835D76D5}.Release|Any CPU.ActiveCfg = Release|Any CPU
		{690990CB-C607-4137-A1C0-6066835D76D5}.Release|Any CPU.Build.0 = Release|Any CPU
	EndGlobalSection
	GlobalSection(SolutionProperties) = preSolution
		HideSolutionNode = FALSE
	EndGlobalSection
EndGlobal
